// !$*UTF8*$!
{
	archiveVersion = 1;
	classes = {
	};
	objectVersion = 51;
	objects = {

/* Begin PBXBuildFile section */
		9F7377F7B0E6FEBF13F484D3 /* Pods_AppForBudget.framework in Frameworks */ = {isa = PBXBuildFile; fileRef = 515499B8962DE18E216E31C9 /* Pods_AppForBudget.framework */; };
		E623328D25F284A000BA0211 /* EntryViewController.swift in Sources */ = {isa = PBXBuildFile; fileRef = E623328C25F284A000BA0211 /* EntryViewController.swift */; };
		E623329025F284DB00BA0211 /* ViewViewController.swift in Sources */ = {isa = PBXBuildFile; fileRef = E623328F25F284DB00BA0211 /* ViewViewController.swift */; };
		E697AE822659288A00518340 /* SettingsViewController.swift in Sources */ = {isa = PBXBuildFile; fileRef = E697AE812659288A00518340 /* SettingsViewController.swift */; };
		E6F91F0B25F12EB400755915 /* AppDelegate.swift in Sources */ = {isa = PBXBuildFile; fileRef = E6F91F0A25F12EB400755915 /* AppDelegate.swift */; };
		E6F91F0D25F12EB400755915 /* SceneDelegate.swift in Sources */ = {isa = PBXBuildFile; fileRef = E6F91F0C25F12EB400755915 /* SceneDelegate.swift */; };
		E6F91F0F25F12EB400755915 /* ViewController.swift in Sources */ = {isa = PBXBuildFile; fileRef = E6F91F0E25F12EB400755915 /* ViewController.swift */; };
		E6F91F1225F12EB400755915 /* Main.storyboard in Resources */ = {isa = PBXBuildFile; fileRef = E6F91F1025F12EB400755915 /* Main.storyboard */; };
		E6F91F1425F12EB500755915 /* Assets.xcassets in Resources */ = {isa = PBXBuildFile; fileRef = E6F91F1325F12EB500755915 /* Assets.xcassets */; };
		E6F91F1725F12EB500755915 /* LaunchScreen.storyboard in Resources */ = {isa = PBXBuildFile; fileRef = E6F91F1525F12EB500755915 /* LaunchScreen.storyboard */; };
/* End PBXBuildFile section */

/* Begin PBXFileReference section */
		2168EC0BBD2999069C0FCF19 /* Pods-AppForBudget.debug.xcconfig */ = {isa = PBXFileReference; includeInIndex = 1; lastKnownFileType = text.xcconfig; name = "Pods-AppForBudget.debug.xcconfig"; path = "Target Support Files/Pods-AppForBudget/Pods-AppForBudget.debug.xcconfig"; sourceTree = "<group>"; };
		515499B8962DE18E216E31C9 /* Pods_AppForBudget.framework */ = {isa = PBXFileReference; explicitFileType = wrapper.framework; includeInIndex = 0; path = Pods_AppForBudget.framework; sourceTree = BUILT_PRODUCTS_DIR; };
		9B60CD88566043D199334BDE /* Pods-AppForBudget.release.xcconfig */ = {isa = PBXFileReference; includeInIndex = 1; lastKnownFileType = text.xcconfig; name = "Pods-AppForBudget.release.xcconfig"; path = "Target Support Files/Pods-AppForBudget/Pods-AppForBudget.release.xcconfig"; sourceTree = "<group>"; };
		E623328C25F284A000BA0211 /* EntryViewController.swift */ = {isa = PBXFileReference; lastKnownFileType = sourcecode.swift; path = EntryViewController.swift; sourceTree = "<group>"; };
		E623328F25F284DB00BA0211 /* ViewViewController.swift */ = {isa = PBXFileReference; lastKnownFileType = sourcecode.swift; path = ViewViewController.swift; sourceTree = "<group>"; };
		E697AE812659288A00518340 /* SettingsViewController.swift */ = {isa = PBXFileReference; lastKnownFileType = sourcecode.swift; path = SettingsViewController.swift; sourceTree = "<group>"; };
		E6F91F0725F12EB400755915 /* AppForBudget.app */ = {isa = PBXFileReference; explicitFileType = wrapper.application; includeInIndex = 0; path = AppForBudget.app; sourceTree = BUILT_PRODUCTS_DIR; };
		E6F91F0A25F12EB400755915 /* AppDelegate.swift */ = {isa = PBXFileReference; lastKnownFileType = sourcecode.swift; path = AppDelegate.swift; sourceTree = "<group>"; };
		E6F91F0C25F12EB400755915 /* SceneDelegate.swift */ = {isa = PBXFileReference; lastKnownFileType = sourcecode.swift; path = SceneDelegate.swift; sourceTree = "<group>"; };
		E6F91F0E25F12EB400755915 /* ViewController.swift */ = {isa = PBXFileReference; lastKnownFileType = sourcecode.swift; lineEnding = 0; path = ViewController.swift; sourceTree = "<group>"; wrapsLines = 1; };
		E6F91F1125F12EB400755915 /* Base */ = {isa = PBXFileReference; lastKnownFileType = file.storyboard; name = Base; path = Base.lproj/Main.storyboard; sourceTree = "<group>"; };
		E6F91F1325F12EB500755915 /* Assets.xcassets */ = {isa = PBXFileReference; lastKnownFileType = folder.assetcatalog; path = Assets.xcassets; sourceTree = "<group>"; };
		E6F91F1625F12EB500755915 /* Base */ = {isa = PBXFileReference; lastKnownFileType = file.storyboard; name = Base; path = Base.lproj/LaunchScreen.storyboard; sourceTree = "<group>"; };
		E6F91F1825F12EB500755915 /* Info.plist */ = {isa = PBXFileReference; lastKnownFileType = text.plist.xml; path = Info.plist; sourceTree = "<group>"; };
/* End PBXFileReference section */

/* Begin PBXFrameworksBuildPhase section */
		E6F91F0425F12EB400755915 /* Frameworks */ = {
			isa = PBXFrameworksBuildPhase;
			buildActionMask = 2147483647;
			files = (
				9F7377F7B0E6FEBF13F484D3 /* Pods_AppForBudget.framework in Frameworks */,
			);
			runOnlyForDeploymentPostprocessing = 0;
		};
/* End PBXFrameworksBuildPhase section */

/* Begin PBXGroup section */
		1733A42FC7E005C3E3B51D8B /* Frameworks */ = {
			isa = PBXGroup;
			children = (
				515499B8962DE18E216E31C9 /* Pods_AppForBudget.framework */,
			);
			name = Frameworks;
			sourceTree = "<group>";
		};
		3870ABE28604FD73E9967A1D /* Pods */ = {
			isa = PBXGroup;
			children = (
				2168EC0BBD2999069C0FCF19 /* Pods-AppForBudget.debug.xcconfig */,
				9B60CD88566043D199334BDE /* Pods-AppForBudget.release.xcconfig */,
			);
			path = Pods;
			sourceTree = "<group>";
		};
		E6F91EFE25F12EB400755915 = {
			isa = PBXGroup;
			children = (
				E6F91F0925F12EB400755915 /* AppForBudget */,
				E6F91F0825F12EB400755915 /* Products */,
				3870ABE28604FD73E9967A1D /* Pods */,
				1733A42FC7E005C3E3B51D8B /* Frameworks */,
			);
			sourceTree = "<group>";
		};
		E6F91F0825F12EB400755915 /* Products */ = {
			isa = PBXGroup;
			children = (
				E6F91F0725F12EB400755915 /* AppForBudget.app */,
			);
			name = Products;
			sourceTree = "<group>";
		};
		E6F91F0925F12EB400755915 /* AppForBudget */ = {
			isa = PBXGroup;
			children = (
				E6F91F0A25F12EB400755915 /* AppDelegate.swift */,
				E6F91F0C25F12EB400755915 /* SceneDelegate.swift */,
				E6F91F0E25F12EB400755915 /* ViewController.swift */,
				E6F91F1025F12EB400755915 /* Main.storyboard */,
				E6F91F1525F12EB500755915 /* LaunchScreen.storyboard */,
				E6F91F1325F12EB500755915 /* Assets.xcassets */,
				E6F91F1825F12EB500755915 /* Info.plist */,
				E623328C25F284A000BA0211 /* EntryViewController.swift */,
				E623328F25F284DB00BA0211 /* ViewViewController.swift */,
				E697AE812659288A00518340 /* SettingsViewController.swift */,
			);
			path = AppForBudget;
			sourceTree = "<group>";
		};
/* End PBXGroup section */

/* Begin PBXNativeTarget section */
		E6F91F0625F12EB400755915 /* AppForBudget */ = {
			isa = PBXNativeTarget;
			buildConfigurationList = E6F91F1B25F12EB500755915 /* Build configuration list for PBXNativeTarget "AppForBudget" */;
			buildPhases = (
				AC96616F8E17AFA9E163A1D4 /* [CP] Check Pods Manifest.lock */,
				E6F91F0325F12EB400755915 /* Sources */,
				E6F91F0425F12EB400755915 /* Frameworks */,
				E6F91F0525F12EB400755915 /* Resources */,
				B21B6638EE5089393F6D42D8 /* [CP] Embed Pods Frameworks */,
				8900CAF5262201B40076272B /* Run Script - Swiftlint */,
			);
			buildRules = (
			);
			dependencies = (
			);
			name = AppForBudget;
			productName = AppForBudget;
			productReference = E6F91F0725F12EB400755915 /* AppForBudget.app */;
			productType = "com.apple.product-type.application";
		};
/* End PBXNativeTarget section */

/* Begin PBXProject section */
		E6F91EFF25F12EB400755915 /* Project object */ = {
			isa = PBXProject;
			attributes = {
				LastSwiftUpdateCheck = 1240;
				LastUpgradeCheck = 1240;
				TargetAttributes = {
					E6F91F0625F12EB400755915 = {
						CreatedOnToolsVersion = 12.4;
					};
				};
			};
			buildConfigurationList = E6F91F0225F12EB400755915 /* Build configuration list for PBXProject "AppForBudget" */;
			compatibilityVersion = "Xcode 9.3";
			developmentRegion = en;
			hasScannedForEncodings = 0;
			knownRegions = (
				en,
				Base,
			);
			mainGroup = E6F91EFE25F12EB400755915;
			productRefGroup = E6F91F0825F12EB400755915 /* Products */;
			projectDirPath = "";
			projectRoot = "";
			targets = (
				E6F91F0625F12EB400755915 /* AppForBudget */,
			);
		};
/* End PBXProject section */

/* Begin PBXResourcesBuildPhase section */
		E6F91F0525F12EB400755915 /* Resources */ = {
			isa = PBXResourcesBuildPhase;
			buildActionMask = 2147483647;
			files = (
				E6F91F1725F12EB500755915 /* LaunchScreen.storyboard in Resources */,
				E6F91F1425F12EB500755915 /* Assets.xcassets in Resources */,
				E6F91F1225F12EB400755915 /* Main.storyboard in Resources */,
			);
			runOnlyForDeploymentPostprocessing = 0;
		};
/* End PBXResourcesBuildPhase section */

/* Begin PBXShellScriptBuildPhase section */
		8900CAF5262201B40076272B /* Run Script - Swiftlint */ = {
			isa = PBXShellScriptBuildPhase;
			buildActionMask = 2147483647;
			files = (
			);
			inputFileListPaths = (
			);
			inputPaths = (
			);
			name = "Run Script - Swiftlint";
			outputFileListPaths = (
			);
			outputPaths = (
			);
			runOnlyForDeploymentPostprocessing = 0;
			shellPath = /bin/sh;
			shellScript = "\"${PODS_ROOT}/SwiftLint/swiftlint\"\n";
		};
		AC96616F8E17AFA9E163A1D4 /* [CP] Check Pods Manifest.lock */ = {
			isa = PBXShellScriptBuildPhase;
			buildActionMask = 2147483647;
			files = (
			);
			inputFileListPaths = (
			);
			inputPaths = (
				"${PODS_PODFILE_DIR_PATH}/Podfile.lock",
				"${PODS_ROOT}/Manifest.lock",
			);
			name = "[CP] Check Pods Manifest.lock";
			outputFileListPaths = (
			);
			outputPaths = (
				"$(DERIVED_FILE_DIR)/Pods-AppForBudget-checkManifestLockResult.txt",
			);
			runOnlyForDeploymentPostprocessing = 0;
			shellPath = /bin/sh;
			shellScript = "diff \"${PODS_PODFILE_DIR_PATH}/Podfile.lock\" \"${PODS_ROOT}/Manifest.lock\" > /dev/null\nif [ $? != 0 ] ; then\n    # print error to STDERR\n    echo \"error: The sandbox is not in sync with the Podfile.lock. Run 'pod install' or update your CocoaPods installation.\" >&2\n    exit 1\nfi\n# This output is used by Xcode 'outputs' to avoid re-running this script phase.\necho \"SUCCESS\" > \"${SCRIPT_OUTPUT_FILE_0}\"\n";
			showEnvVarsInLog = 0;
		};
		B21B6638EE5089393F6D42D8 /* [CP] Embed Pods Frameworks */ = {
			isa = PBXShellScriptBuildPhase;
			buildActionMask = 2147483647;
			files = (
			);
			inputFileListPaths = (
				"${PODS_ROOT}/Target Support Files/Pods-AppForBudget/Pods-AppForBudget-frameworks-${CONFIGURATION}-input-files.xcfilelist",
			);
			name = "[CP] Embed Pods Frameworks";
			outputFileListPaths = (
				"${PODS_ROOT}/Target Support Files/Pods-AppForBudget/Pods-AppForBudget-frameworks-${CONFIGURATION}-output-files.xcfilelist",
			);
			runOnlyForDeploymentPostprocessing = 0;
			shellPath = /bin/sh;
			shellScript = "\"${PODS_ROOT}/Target Support Files/Pods-AppForBudget/Pods-AppForBudget-frameworks.sh\"\n";
			showEnvVarsInLog = 0;
		};
/* End PBXShellScriptBuildPhase section */

/* Begin PBXSourcesBuildPhase section */
		E6F91F0325F12EB400755915 /* Sources */ = {
			isa = PBXSourcesBuildPhase;
			buildActionMask = 2147483647;
			files = (
				E6F91F0F25F12EB400755915 /* ViewController.swift in Sources */,
				E623328D25F284A000BA0211 /* EntryViewController.swift in Sources */,
				E623329025F284DB00BA0211 /* ViewViewController.swift in Sources */,
				E6F91F0B25F12EB400755915 /* AppDelegate.swift in Sources */,
				E6F91F0D25F12EB400755915 /* SceneDelegate.swift in Sources */,
				E697AE822659288A00518340 /* SettingsViewController.swift in Sources */,
			);
			runOnlyForDeploymentPostprocessing = 0;
		};
/* End PBXSourcesBuildPhase section */

/* Begin PBXVariantGroup section */
		E6F91F1025F12EB400755915 /* Main.storyboard */ = {
			isa = PBXVariantGroup;
			children = (
				E6F91F1125F12EB400755915 /* Base */,
			);
			name = Main.storyboard;
			sourceTree = "<group>";
		};
		E6F91F1525F12EB500755915 /* LaunchScreen.storyboard */ = {
			isa = PBXVariantGroup;
			children = (
				E6F91F1625F12EB500755915 /* Base */,
			);
			name = LaunchScreen.storyboard;
			sourceTree = "<group>";
		};
/* End PBXVariantGroup section */

/* Begin XCBuildConfiguration section */
		E6F91F1925F12EB500755915 /* Debug */ = {
			isa = XCBuildConfiguration;
			buildSettings = {
				ALWAYS_SEARCH_USER_PATHS = NO;
				CLANG_ANALYZER_NONNULL = YES;
				CLANG_ANALYZER_NUMBER_OBJECT_CONVERSION = YES_AGGRESSIVE;
				CLANG_CXX_LANGUAGE_STANDARD = "gnu++14";
				CLANG_CXX_LIBRARY = "libc++";
				CLANG_ENABLE_MODULES = YES;
				CLANG_ENABLE_OBJC_ARC = YES;
				CLANG_ENABLE_OBJC_WEAK = YES;
				CLANG_WARN_BLOCK_CAPTURE_AUTORELEASING = YES;
				CLANG_WARN_BOOL_CONVERSION = YES;
				CLANG_WARN_COMMA = YES;
				CLANG_WARN_CONSTANT_CONVERSION = YES;
				CLANG_WARN_DEPRECATED_OBJC_IMPLEMENTATIONS = YES;
				CLANG_WARN_DIRECT_OBJC_ISA_USAGE = YES_ERROR;
				CLANG_WARN_DOCUMENTATION_COMMENTS = YES;
				CLANG_WARN_EMPTY_BODY = YES;
				CLANG_WARN_ENUM_CONVERSION = YES;
				CLANG_WARN_INFINITE_RECURSION = YES;
				CLANG_WARN_INT_CONVERSION = YES;
				CLANG_WARN_NON_LITERAL_NULL_CONVERSION = YES;
				CLANG_WARN_OBJC_IMPLICIT_RETAIN_SELF = YES;
				CLANG_WARN_OBJC_LITERAL_CONVERSION = YES;
				CLANG_WARN_OBJC_ROOT_CLASS = YES_ERROR;
				CLANG_WARN_QUOTED_INCLUDE_IN_FRAMEWORK_HEADER = YES;
				CLANG_WARN_RANGE_LOOP_ANALYSIS = YES;
				CLANG_WARN_STRICT_PROTOTYPES = YES;
				CLANG_WARN_SUSPICIOUS_MOVE = YES;
				CLANG_WARN_UNGUARDED_AVAILABILITY = YES_AGGRESSIVE;
				CLANG_WARN_UNREACHABLE_CODE = YES;
				CLANG_WARN__DUPLICATE_METHOD_MATCH = YES;
				COPY_PHASE_STRIP = NO;
				DEBUG_INFORMATION_FORMAT = dwarf;
				ENABLE_STRICT_OBJC_MSGSEND = YES;
				ENABLE_TESTABILITY = YES;
				GCC_C_LANGUAGE_STANDARD = gnu11;
				GCC_DYNAMIC_NO_PIC = NO;
				GCC_NO_COMMON_BLOCKS = YES;
				GCC_OPTIMIZATION_LEVEL = 0;
				GCC_PREPROCESSOR_DEFINITIONS = (
					"DEBUG=1",
					"$(inherited)",
				);
				GCC_WARN_64_TO_32_BIT_CONVERSION = YES;
				GCC_WARN_ABOUT_RETURN_TYPE = YES_ERROR;
				GCC_WARN_UNDECLARED_SELECTOR = YES;
				GCC_WARN_UNINITIALIZED_AUTOS = YES_AGGRESSIVE;
				GCC_WARN_UNUSED_FUNCTION = YES;
				GCC_WARN_UNUSED_VARIABLE = YES;
				IPHONEOS_DEPLOYMENT_TARGET = 14.4;
				MTL_ENABLE_DEBUG_INFO = INCLUDE_SOURCE;
				MTL_FAST_MATH = YES;
				ONLY_ACTIVE_ARCH = YES;
				SDKROOT = iphoneos;
				SWIFT_ACTIVE_COMPILATION_CONDITIONS = DEBUG;
				SWIFT_OPTIMIZATION_LEVEL = "-Onone";
			};
			name = Debug;
		};
		E6F91F1A25F12EB500755915 /* Release */ = {
			isa = XCBuildConfiguration;
			buildSettings = {
				ALWAYS_SEARCH_USER_PATHS = NO;
				CLANG_ANALYZER_NONNULL = YES;
				CLANG_ANALYZER_NUMBER_OBJECT_CONVERSION = YES_AGGRESSIVE;
				CLANG_CXX_LANGUAGE_STANDARD = "gnu++14";
				CLANG_CXX_LIBRARY = "libc++";
				CLANG_ENABLE_MODULES = YES;
				CLANG_ENABLE_OBJC_ARC = YES;
				CLANG_ENABLE_OBJC_WEAK = YES;
				CLANG_WARN_BLOCK_CAPTURE_AUTORELEASING = YES;
				CLANG_WARN_BOOL_CONVERSION = YES;
				CLANG_WARN_COMMA = YES;
				CLANG_WARN_CONSTANT_CONVERSION = YES;
				CLANG_WARN_DEPRECATED_OBJC_IMPLEMENTATIONS = YES;
				CLANG_WARN_DIRECT_OBJC_ISA_USAGE = YES_ERROR;
				CLANG_WARN_DOCUMENTATION_COMMENTS = YES;
				CLANG_WARN_EMPTY_BODY = YES;
				CLANG_WARN_ENUM_CONVERSION = YES;
				CLANG_WARN_INFINITE_RECURSION = YES;
				CLANG_WARN_INT_CONVERSION = YES;
				CLANG_WARN_NON_LITERAL_NULL_CONVERSION = YES;
				CLANG_WARN_OBJC_IMPLICIT_RETAIN_SELF = YES;
				CLANG_WARN_OBJC_LITERAL_CONVERSION = YES;
				CLANG_WARN_OBJC_ROOT_CLASS = YES_ERROR;
				CLANG_WARN_QUOTED_INCLUDE_IN_FRAMEWORK_HEADER = YES;
				CLANG_WARN_RANGE_LOOP_ANALYSIS = YES;
				CLANG_WARN_STRICT_PROTOTYPES = YES;
				CLANG_WARN_SUSPICIOUS_MOVE = YES;
				CLANG_WARN_UNGUARDED_AVAILABILITY = YES_AGGRESSIVE;
				CLANG_WARN_UNREACHABLE_CODE = YES;
				CLANG_WARN__DUPLICATE_METHOD_MATCH = YES;
				COPY_PHASE_STRIP = NO;
				DEBUG_INFORMATION_FORMAT = "dwarf-with-dsym";
				ENABLE_NS_ASSERTIONS = NO;
				ENABLE_STRICT_OBJC_MSGSEND = YES;
				GCC_C_LANGUAGE_STANDARD = gnu11;
				GCC_NO_COMMON_BLOCKS = YES;
				GCC_WARN_64_TO_32_BIT_CONVERSION = YES;
				GCC_WARN_ABOUT_RETURN_TYPE = YES_ERROR;
				GCC_WARN_UNDECLARED_SELECTOR = YES;
				GCC_WARN_UNINITIALIZED_AUTOS = YES_AGGRESSIVE;
				GCC_WARN_UNUSED_FUNCTION = YES;
				GCC_WARN_UNUSED_VARIABLE = YES;
				IPHONEOS_DEPLOYMENT_TARGET = 14.4;
				MTL_ENABLE_DEBUG_INFO = NO;
				MTL_FAST_MATH = YES;
				SDKROOT = iphoneos;
				SWIFT_COMPILATION_MODE = wholemodule;
				SWIFT_OPTIMIZATION_LEVEL = "-O";
				VALIDATE_PRODUCT = YES;
			};
			name = Release;
		};
		E6F91F1C25F12EB500755915 /* Debug */ = {
			isa = XCBuildConfiguration;
			baseConfigurationReference = 2168EC0BBD2999069C0FCF19 /* Pods-AppForBudget.debug.xcconfig */;
			buildSettings = {
				ASSETCATALOG_COMPILER_APPICON_NAME = AppIcon;
				ASSETCATALOG_COMPILER_GLOBAL_ACCENT_COLOR_NAME = AccentColor;
				CODE_SIGN_STYLE = Automatic;
				INFOPLIST_FILE = AppForBudget/Info.plist;
				LD_RUNPATH_SEARCH_PATHS = (
					"$(inherited)",
					"@executable_path/Frameworks",
				);
				PRODUCT_BUNDLE_IDENTIFIER = Olivier.AppForBudget;
				PRODUCT_NAME = "$(TARGET_NAME)";
				SWIFT_VERSION = 5.0;
				TARGETED_DEVICE_FAMILY = "1,2";
			};
			name = Debug;
		};
		E6F91F1D25F12EB500755915 /* Release */ = {
			isa = XCBuildConfiguration;
			baseConfigurationReference = 9B60CD88566043D199334BDE /* Pods-AppForBudget.release.xcconfig */;
			buildSettings = {
				ASSETCATALOG_COMPILER_APPICON_NAME = AppIcon;
				ASSETCATALOG_COMPILER_GLOBAL_ACCENT_COLOR_NAME = AccentColor;
				CODE_SIGN_STYLE = Automatic;
				INFOPLIST_FILE = AppForBudget/Info.plist;
				LD_RUNPATH_SEARCH_PATHS = (
					"$(inherited)",
					"@executable_path/Frameworks",
				);
				PRODUCT_BUNDLE_IDENTIFIER = Olivier.AppForBudget;
				PRODUCT_NAME = "$(TARGET_NAME)";
				SWIFT_VERSION = 5.0;
				TARGETED_DEVICE_FAMILY = "1,2";
			};
			name = Release;
		};
/* End XCBuildConfiguration section */

/* Begin XCConfigurationList section */
		E6F91F0225F12EB400755915 /* Build configuration list for PBXProject "AppForBudget" */ = {
			isa = XCConfigurationList;
			buildConfigurations = (
				E6F91F1925F12EB500755915 /* Debug */,
				E6F91F1A25F12EB500755915 /* Release */,
			);
			defaultConfigurationIsVisible = 0;
			defaultConfigurationName = Release;
		};
		E6F91F1B25F12EB500755915 /* Build configuration list for PBXNativeTarget "AppForBudget" */ = {
			isa = XCConfigurationList;
			buildConfigurations = (
				E6F91F1C25F12EB500755915 /* Debug */,
				E6F91F1D25F12EB500755915 /* Release */,
			);
			defaultConfigurationIsVisible = 0;
			defaultConfigurationName = Release;
		};
/* End XCConfigurationList section */
	};
	rootObject = E6F91EFF25F12EB400755915 /* Project object */;
}
